[[package]]
category = "main"
description = "Python library for interacting with Bluefruit LE (Bluetooth low energy) devices on Linux or OSX."
name = "adafruit-bluefruitle"
optional = false
python-versions = "*"
version = "0.9.10"

[package.dependencies]
future = "*"

[[package]]
category = "main"
description = "Python bindings for libdbus"
name = "dbus-python"
optional = false
python-versions = "*"
version = "1.2.12"

[[package]]
category = "main"
description = "enum/enum34 compatibility package"
name = "enum-compat"
optional = false
python-versions = "*"
version = "0.0.3"

[[package]]
category = "main"
description = "Clean single-source support for Python 3 and 2"
name = "future"
optional = false
python-versions = ">=2.6, !=3.0.*, !=3.1.*, !=3.2.*"
version = "0.18.2"

[[package]]
category = "main"
description = "Python interface for cairo"
name = "pycairo"
optional = false
python-versions = "*"
version = "1.18.2"

[[package]]
category = "main"
description = "Python Bluetooth LE (Low Energy) and GATT Library"
name = "pygatt"
optional = false
python-versions = "*"
version = "4.0.5"

[package.dependencies]
enum-compat = "*"
pyserial = "*"

[package.extras]
GATTTOOL = ["pexpect"]

[[package]]
category = "main"
description = "Python bindings for GObject Introspection"
name = "pygobject"
optional = false
python-versions = ">=2.7, !=3.0.*, !=3.1.*, !=3.2.*, !=3.3.*, !=3.4.*, <4"
version = "3.34.0"

[package.dependencies]
pycairo = ">=1.11.1"

[[package]]
category = "main"
description = "Python Serial Port Extension"
name = "pyserial"
optional = false
python-versions = "*"
version = "3.4"

[[package]]
category = "main"
description = "Open Sound Control server and client implementations in pure Python"
name = "python-osc"
optional = false
python-versions = "*"
version = "1.7.4"

[metadata]
content-hash = "0a40894ce8b225e6f8bb3603a770ba4a2896617aa0abb9272019b87a92e80526"
python-versions = "^3.7"

[metadata.files]
adafruit-bluefruitle = [
    {file = "Adafruit_BluefruitLE-0.9.10.tar.gz", hash = "sha256:0343a20ea49a262087c14382dd29814896e2dd60ddd9d89319a2c674ec6b6bd8"},
]
dbus-python = [
    {file = "dbus-python-1.2.12.tar.gz", hash = "sha256:cdd4de2c4f5e58f287b12013ed7b41dee81d503c8d0d2397c5bd2fb01badf260"},
]
enum-compat = [
    {file = "enum-compat-0.0.3.tar.gz", hash = "sha256:3677daabed56a6f724451d585662253d8fb4e5569845aafa8bb0da36b1a8751e"},
    {file = "enum_compat-0.0.3-py3-none-any.whl", hash = "sha256:88091b617c7fc3bbbceae50db5958023c48dc40b50520005aa3bf27f8f7ea157"},
]
future = [
    {file = "future-0.18.2.tar.gz", hash = "sha256:b1bead90b70cf6ec3f0710ae53a525360fa360d306a86583adc6bf83a4db537d"},
]
pycairo = [
    {file = "pycairo-1.18.2.tar.gz", hash = "sha256:dcb853fd020729516e8828ad364084e752327d4cff8505d20b13504b32b16531"},
]
pygatt = [
    {file = "pygatt-4.0.5.tar.gz", hash = "sha256:7f4e0ec72f03533a3ef5fdd532f08d30ab7149213495e531d0f6580e9fcb1a7d"},
]
pygobject = [
    {file = "PyGObject-3.34.0.tar.gz", hash = "sha256:2acb0daf2b3a23a90f52066cc23d1053339fee2f5f7f4275f8baa3704ae0c543"},
]
pyserial = [
    {file = "pyserial-3.4-py2.py3-none-any.whl", hash = "sha256:e0770fadba80c31013896c7e6ef703f72e7834965954a78e71a3049488d4d7d8"},
    {file = "pyserial-3.4.tar.gz", hash = "sha256:6e2d401fdee0eab996cf734e67773a0143b932772ca8b42451440cfed942c627"},
]
python-osc = [
    {file = "python-osc-1.7.4.tar.gz", hash = "sha256:760f9d7a8c586a5347eb309336df08b308892cc6ca558b0874e7594bcb07d032"},
]
